// !$*UTF8*$!
{
	archiveVersion = 1;
	classes = {
	};
	objectVersion = 63;
	objects = {

/* Begin PBXBuildFile section */
		0538BA6FCB7475075266ED38 /* CategorySpendingChart.swift in Sources */ = {isa = PBXBuildFile; fileRef = F45D1965078A6166B2675BA0 /* CategorySpendingChart.swift */; };
		066C0230CF98F09DC59190CA /* Configuration.swift in Sources */ = {isa = PBXBuildFile; fileRef = 72B36C73C8311CE858218313 /* Configuration.swift */; };
		06BE24FED9B62E323CE2EA21 /* APIServiceProtocol.swift in Sources */ = {isa = PBXBuildFile; fileRef = 65AA634A443476A6CC9A7536 /* APIServiceProtocol.swift */; };
		10BE0F019ADB320165C1FF7D /* ForgotPasswordView.swift in Sources */ = {isa = PBXBuildFile; fileRef = 183103031CF1E4F14E054C56 /* ForgotPasswordView.swift */; };
		183928CCB48BBD53C49253CE /* APIError.swift in Sources */ = {isa = PBXBuildFile; fileRef = 20D63294EAA93066BC87EB72 /* APIError.swift */; };
		198C434F0378B6D1CBB2F72E /* UserModelTests.swift in Sources */ = {isa = PBXBuildFile; fileRef = 008DAC706AD778A64C7E9301 /* UserModelTests.swift */; };
		21953AAC3B9217757DA16B82 /* TransactionModelTests.swift in Sources */ = {isa = PBXBuildFile; fileRef = 1D7084DC5F7830E8EF884FEE /* TransactionModelTests.swift */; };
		21BCEF3A0815946379F82E01 /* Color+Extensions.swift in Sources */ = {isa = PBXBuildFile; fileRef = 9971849C1DDDED9DECF734FF /* Color+Extensions.swift */; };
		2424AF2E2E9E283B88FB9E92 /* BudgetViewModel.swift in Sources */ = {isa = PBXBuildFile; fileRef = 0CB99FE810BEE0019FD17684 /* BudgetViewModel.swift */; };
		24528A8EDD7DE83C89A2C53C /* KeychainService.swift in Sources */ = {isa = PBXBuildFile; fileRef = 4AF93CFB44E626C8A8C527C9 /* KeychainService.swift */; };
		2B520FBD2902C6B724917119 /* CategorySpendingView.swift in Sources */ = {isa = PBXBuildFile; fileRef = 4975CB39C45C4DC329B7233B /* CategorySpendingView.swift */; };
		2D6C8581B86910069BE4AB54 /* ChangePasswordView.swift in Sources */ = {isa = PBXBuildFile; fileRef = 2386AC59CD77542D1D7DDA16 /* ChangePasswordView.swift */; };
		2DF05441F262D2E24FCFB649 /* AddWishListItemView.swift in Sources */ = {isa = PBXBuildFile; fileRef = DC0A62AE021E20C31621454C /* AddWishListItemView.swift */; };
		2EFAC6016C4DA9E1C8924CFF /* ChildCardView.swift in Sources */ = {isa = PBXBuildFile; fileRef = 2B1045F740869F4E22F84236 /* ChildCardView.swift */; };
		2F575FA3F5C577D7E8C3EFF5 /* Transaction.swift in Sources */ = {isa = PBXBuildFile; fileRef = A8B64E88012242818DF6F545 /* Transaction.swift */; };
		330A2BC98A9A87C441D1285E /* AllowanceTrackerApp.swift in Sources */ = {isa = PBXBuildFile; fileRef = D1C7EC3E6E3DD07D48D589C7 /* AllowanceTrackerApp.swift */; };
		355060DED677074C60F22D78 /* AddBudgetSheet.swift in Sources */ = {isa = PBXBuildFile; fileRef = 9083730189496415B5A77484 /* AddBudgetSheet.swift */; };
		37C451E5EAF0FA3B557AFC43 /* CategoryService.swift in Sources */ = {isa = PBXBuildFile; fileRef = B3C29B24C99E4AD48ABC5E43 /* CategoryService.swift */; };
		3A040680B290B051179F3A29 /* APIService.swift in Sources */ = {isa = PBXBuildFile; fileRef = E5506D64405103E5E580665B /* APIService.swift */; };
		3D4132A32423DA826EA367C0 /* EditWishListItemView.swift in Sources */ = {isa = PBXBuildFile; fileRef = F10C80566D753CD427E04E3E /* EditWishListItemView.swift */; };
		3EE8FA585DB0D9BD8F62EB2A /* SavingsAccountViewModel.swift in Sources */ = {isa = PBXBuildFile; fileRef = 7890189081FC5ED1DB116247 /* SavingsAccountViewModel.swift */; };
		48B5B2A6A150AB2E5EE54776 /* CacheService.swift in Sources */ = {isa = PBXBuildFile; fileRef = 39A4E4AD74BDB7D6EA81FB1E /* CacheService.swift */; };
		497F30F6DC26460BA120E05B /* WishListItemModelTests.swift in Sources */ = {isa = PBXBuildFile; fileRef = 8F3F09A5D7FEF92E37BC8985 /* WishListItemModelTests.swift */; };
		4C5639B480606C92AB00F5F8 /* AnalyticsModels.swift in Sources */ = {isa = PBXBuildFile; fileRef = 701106D997975C68D9EFCB11 /* AnalyticsModels.swift */; };
		4DF43D6E7B1AED274C6029BA /* BudgetCheckResult.swift in Sources */ = {isa = PBXBuildFile; fileRef = 6CD137FFBBE6D0B5CBB5A1D7 /* BudgetCheckResult.swift */; };
		52217E7D711D1DFB94B34125 /* CategoryBudget.swift in Sources */ = {isa = PBXBuildFile; fileRef = E0D765448D63F943EAAF4E7A /* CategoryBudget.swift */; };
		53138129CB75D6856015BD6A /* WishListViewModel.swift in Sources */ = {isa = PBXBuildFile; fileRef = B3B9C76F31A78298F467E9FB /* WishListViewModel.swift */; };
		5347190EB1710AF34A8EC557 /* BudgetManagementView.swift in Sources */ = {isa = PBXBuildFile; fileRef = 80E5CF3F2866A2B5CA8664AD /* BudgetManagementView.swift */; };
		553D5CA9D207C4E210BC84E8 /* AddChildView.swift in Sources */ = {isa = PBXBuildFile; fileRef = 1299EFAD191CADB769E2D0FD /* AddChildView.swift */; };
		5C47E70308B479B7C6DC33B1 /* CreateTransactionView.swift in Sources */ = {isa = PBXBuildFile; fileRef = D56440BE9A09B7564C8C3D1E /* CreateTransactionView.swift */; };
		5E5D2D99D2AF257C110EBA81 /* ParentInvite.swift in Sources */ = {isa = PBXBuildFile; fileRef = 73E1881BD7AEEFC3A9138793 /* ParentInvite.swift */; };
		60A5EE98A3678AE99994268D /* WishListView.swift in Sources */ = {isa = PBXBuildFile; fileRef = BAEFF4A42641FE66DE0A2062 /* WishListView.swift */; };
		62FF61B6C0BAA96C618028D7 /* BudgetService.swift in Sources */ = {isa = PBXBuildFile; fileRef = 327985BF8318900994DF769F /* BudgetService.swift */; };
		64C8BB0E6B0CDC9B443F0A0F /* DashboardViewModel.swift in Sources */ = {isa = PBXBuildFile; fileRef = 41E12A204B1320B4DEBFFDCD /* DashboardViewModel.swift */; };
		6A0D50EB0CC0D4679B6A76B2 /* ProfileUITests.swift in Sources */ = {isa = PBXBuildFile; fileRef = 2BFD617D1FBE0E2CAFC466C6 /* ProfileUITests.swift */; };
		6B3C953CC904A762FAB8D89F /* AnalyticsView.swift in Sources */ = {isa = PBXBuildFile; fileRef = 6055F4B71C2CBFE0464FD400 /* AnalyticsView.swift */; };
		6CDC5CB9AE8D61D1D739D003 /* BackgroundRefreshManagerTests.swift in Sources */ = {isa = PBXBuildFile; fileRef = D451BAABF667F3EE5395794A /* BackgroundRefreshManagerTests.swift */; };
		754FAE657A95A7E9E2B52E7C /* DashboardView.swift in Sources */ = {isa = PBXBuildFile; fileRef = 3155BFEE8DA052B565C203A5 /* DashboardView.swift */; };
		7553807CCF83AE76B55FE913 /* TransactionRowView.swift in Sources */ = {isa = PBXBuildFile; fileRef = CC03B5883497D2426A4D9F83 /* TransactionRowView.swift */; };
		7D37C69EA127E5A585D0843B /* ChildSettingsView.swift in Sources */ = {isa = PBXBuildFile; fileRef = A3FD252CEF73A9F38D75FD79 /* ChildSettingsView.swift */; };
		7EAA5C6438A17A7549914EDE /* AuthViewModel.swift in Sources */ = {isa = PBXBuildFile; fileRef = 43D839C9C6F3E18CA915FF01 /* AuthViewModel.swift */; };
		818C8BBF4CECC8AAB6397C6E /* WishListItemCard.swift in Sources */ = {isa = PBXBuildFile; fileRef = 9C527099EAE7A0E507219D87 /* WishListItemCard.swift */; };
		81D4B0D8481B085D31091D2A /* Assets.xcassets in Resources */ = {isa = PBXBuildFile; fileRef = B690EC6291EC064B316D0870 /* Assets.xcassets */; };
		821B55191AD1497D8EBC8683 /* CategorySpending.swift in Sources */ = {isa = PBXBuildFile; fileRef = 44AB75FD1281D4DCF728BEBE /* CategorySpending.swift */; };
		8223E44055758570A773E6BE /* SavingsAccountSheets.swift in Sources */ = {isa = PBXBuildFile; fileRef = 82471B7C9BEEF9DCB92C68BB /* SavingsAccountSheets.swift */; };
		87A0D0ACEF546800F2EDCD18 /* RegisterView.swift in Sources */ = {isa = PBXBuildFile; fileRef = 7B36D34D38F4D2601399C065 /* RegisterView.swift */; };
		89C348EDCE74FB93B214329B /* APIServiceTests.swift in Sources */ = {isa = PBXBuildFile; fileRef = ACC41A25AD2CBF028E0A5366 /* APIServiceTests.swift */; };
		9063EA56E65FC82507D28E5B /* SavingsAccountView.swift in Sources */ = {isa = PBXBuildFile; fileRef = 8EB8C0DB38054C6A4D517660 /* SavingsAccountView.swift */; };
		93085AE6C0D90262EB38BABE /* InviteParentView.swift in Sources */ = {isa = PBXBuildFile; fileRef = 02F582FDE2583DFE20EC30A5 /* InviteParentView.swift */; };
		9480B8B3FEBA7DBE61B571ED /* TransactionCategory.swift in Sources */ = {isa = PBXBuildFile; fileRef = 81833015C67E6DCDDA56F83F /* TransactionCategory.swift */; };
		98A8681444ECB2AAC9CA249A /* DesignSystem.swift in Sources */ = {isa = PBXBuildFile; fileRef = DA8DB3551673BE9FED7F5484 /* DesignSystem.swift */; };
		996CC3E277C691E34334D759 /* TransactionListView.swift in Sources */ = {isa = PBXBuildFile; fileRef = CE8E1F5D6642E0FD57E90078 /* TransactionListView.swift */; };
		99B0A025057959EF842E1A2A /* LoginView.swift in Sources */ = {isa = PBXBuildFile; fileRef = CE8704251A33154C84C50C61 /* LoginView.swift */; };
		9AC85C6CBA58EF764816F78B /* TransactionViewModelTests.swift in Sources */ = {isa = PBXBuildFile; fileRef = E26B668E262520C7C447EB39 /* TransactionViewModelTests.swift */; };
		9DD5C197211524369BB0C9A5 /* Constants.swift in Sources */ = {isa = PBXBuildFile; fileRef = D3957C34C75F799539073007 /* Constants.swift */; };
		9E8BEFD3907848D6CC895A7D /* URLSessionProtocol.swift in Sources */ = {isa = PBXBuildFile; fileRef = 4AAB947A486DDF6194CA6303 /* URLSessionProtocol.swift */; };
		A2CB6A57EF2D22D99D67B1B9 /* View+Accessibility.swift in Sources */ = {isa = PBXBuildFile; fileRef = 8E7E35F73B19A803EFF28C17 /* View+Accessibility.swift */; };
		A558856B52FC7B604CD3EB5F /* BudgetCardView.swift in Sources */ = {isa = PBXBuildFile; fileRef = 9511205BC02AAB27D4C04913 /* BudgetCardView.swift */; };
		A674089E5C7E9D3CDEB093BF /* ChildModelTests.swift in Sources */ = {isa = PBXBuildFile; fileRef = BF6CDEAE773B0CEA9FDE7698 /* ChildModelTests.swift */; };
		AEBC172E74F4B7F464DAA624 /* AllowanceTracker.xcodeproj in Resources */ = {isa = PBXBuildFile; fileRef = "TEMP_8EB72A06-1BFF-4130-A62E-74F5136A36DF" /* AllowanceTracker.xcodeproj */; };
		B08B4D219CE948FA6B987C14 /* RegistrationUITests.swift in Sources */ = {isa = PBXBuildFile; fileRef = CB07737E44061573EE18BA4A /* RegistrationUITests.swift */; };
		B374C06FF93E8F0BBC2774A6 /* ProfileView.swift in Sources */ = {isa = PBXBuildFile; fileRef = 1F9393FC942F14213C030010 /* ProfileView.swift */; };
		B47E8622458984FB2F7AEAF7 /* WishListViewModelTests.swift in Sources */ = {isa = PBXBuildFile; fileRef = 9F57A6F630F2F5933F8DF59B /* WishListViewModelTests.swift */; };
		B5A725FD15A2FDC503C86925 /* CacheServiceTests.swift in Sources */ = {isa = PBXBuildFile; fileRef = 8429150D15F954E071B92543 /* CacheServiceTests.swift */; };
		B621444A0E49605D7B961BB9 /* Extensions.swift in Sources */ = {isa = PBXBuildFile; fileRef = DE6C13BF6B487ACE602CF9B0 /* Extensions.swift */; };
		B7B65044BB8C798BB9684F99 /* MainTabView.swift in Sources */ = {isa = PBXBuildFile; fileRef = ABF4A76879BD2EF9E907311B /* MainTabView.swift */; };
		B7B6BB7798747FE218974D74 /* KeychainServiceTests.swift in Sources */ = {isa = PBXBuildFile; fileRef = 27702388D759BCD02E8D4917 /* KeychainServiceTests.swift */; };
		B92DB03EE6F791F788C2372A /* KeychainServiceProtocol.swift in Sources */ = {isa = PBXBuildFile; fileRef = 36F7C5F33BF6263DE05FFA97 /* KeychainServiceProtocol.swift */; };
		BC133445132BDC9F1BDCD177 /* AdaptiveLayout.swift in Sources */ = {isa = PBXBuildFile; fileRef = C771EC75E90D047F56D8D580 /* AdaptiveLayout.swift */; };
		C0590AE5DE4EA5B2AAC4D532 /* TransactionUITests.swift in Sources */ = {isa = PBXBuildFile; fileRef = 6D8A2FFF11F5ADB5DA37C765 /* TransactionUITests.swift */; };
		C1938DC8B1359CEAFAAF977D /* Child.swift in Sources */ = {isa = PBXBuildFile; fileRef = BD55683925400343BF99664F /* Child.swift */; };
		C67D19D66BD650062539BB93 /* AnalyticsViewModel.swift in Sources */ = {isa = PBXBuildFile; fileRef = 9874A1B2615CBFB5EA712C82 /* AnalyticsViewModel.swift */; };
		C69815C002A93CBEAD872D07 /* BudgetWarningView.swift in Sources */ = {isa = PBXBuildFile; fileRef = 58E533E2047A97EEB0ACA394 /* BudgetWarningView.swift */; };
		C6D9A1F02189448455990B90 /* AllowanceTrackerUITests.swift in Sources */ = {isa = PBXBuildFile; fileRef = F88034558BD809F2C0DCCE5E /* AllowanceTrackerUITests.swift */; };
		CE72F802D63D80C1DF39185D /* DashboardViewModelTests.swift in Sources */ = {isa = PBXBuildFile; fileRef = F038807F8BD2BF60EB79F6F0 /* DashboardViewModelTests.swift */; };
		D4297B78B77DAE35C73CAA42 /* User.swift in Sources */ = {isa = PBXBuildFile; fileRef = 2B5EECC8A2B7A7EC49E5C731 /* User.swift */; };
		D5E8AA9252379873C071D364 /* BackgroundRefreshManager.swift in Sources */ = {isa = PBXBuildFile; fileRef = 94896A96CF9BDA3798393CDE /* BackgroundRefreshManager.swift */; };
		D619E09B20CF6E22ACA45C8B /* AuthViewModelTests.swift in Sources */ = {isa = PBXBuildFile; fileRef = 9188E6D0B14EB2013F44F78B /* AuthViewModelTests.swift */; };
		D78E31C6D62AD4D5A39AF166 /* AppConstants.swift in Sources */ = {isa = PBXBuildFile; fileRef = C61E66B57E0C3FA67E51788E /* AppConstants.swift */; };
		D9C810AFC9E1051DA50AE3A8 /* LoginUITests.swift in Sources */ = {isa = PBXBuildFile; fileRef = 7C18B43B2A2B3149F5E8F6DE /* LoginUITests.swift */; };
		DB21A848161E41D333A83A86 /* SavingsAccount.swift in Sources */ = {isa = PBXBuildFile; fileRef = AEFC1247011C4421DB4A8BE9 /* SavingsAccount.swift */; };
		DDDDF216AD145AA2A2921C8D /* ContentView.swift in Sources */ = {isa = PBXBuildFile; fileRef = 3277C3D8F8652BDA89889DC9 /* ContentView.swift */; };
		E5A2485068327A8CA29D744E /* AccessibilityExtensionsTests.swift in Sources */ = {isa = PBXBuildFile; fileRef = 167E4898E383738FEAA76751 /* AccessibilityExtensionsTests.swift */; };
		ECAED8A3C2359518CD636EC6 /* TransactionViewModel.swift in Sources */ = {isa = PBXBuildFile; fileRef = 38F9BEE80AC69B5FEAE141A7 /* TransactionViewModel.swift */; };
		EDBDC730CEFD37CFEFDB9D39 /* WishListItem.swift in Sources */ = {isa = PBXBuildFile; fileRef = 2C4605F2EC6F3B323BCF3719 /* WishListItem.swift */; };
		EFAAA8B957184341801AA350 /* DashboardUITests.swift in Sources */ = {isa = PBXBuildFile; fileRef = C59FD92769EDEBB1EF2D5C96 /* DashboardUITests.swift */; };
		F06974BCEE86E50AB798D08D /* ResetPasswordView.swift in Sources */ = {isa = PBXBuildFile; fileRef = DD9485050A48C7AC03338E32 /* ResetPasswordView.swift */; };
		F4E45E82B72406A2F999324E /* CategoryPicker.swift in Sources */ = {isa = PBXBuildFile; fileRef = D37170C845EF4D52B10190B0 /* CategoryPicker.swift */; };
		F95122D9FEC002140DB4CCEC /* SavingsUITests.swift in Sources */ = {isa = PBXBuildFile; fileRef = 2E71C71E4853AF5D4B2AA392 /* SavingsUITests.swift */; };
		FA876E7626C49A35B4934C5B /* WishListUITests.swift in Sources */ = {isa = PBXBuildFile; fileRef = D5FEDAD8A2AE357B0FB81E38 /* WishListUITests.swift */; };
/* End PBXBuildFile section */

/* Begin PBXContainerItemProxy section */
		260F77C0316034826D5166BE /* PBXContainerItemProxy */ = {
			isa = PBXContainerItemProxy;
			containerPortal = 2E7EB112302D59F79192DAB0 /* Project object */;
			proxyType = 1;
			remoteGlobalIDString = 210C8DE349F66D2F314168FF;
			remoteInfo = AllowanceTracker;
		};
		AACC7E8E405E2432B48BAA4F /* PBXContainerItemProxy */ = {
			isa = PBXContainerItemProxy;
			containerPortal = 2E7EB112302D59F79192DAB0 /* Project object */;
			proxyType = 1;
			remoteGlobalIDString = 210C8DE349F66D2F314168FF;
			remoteInfo = AllowanceTracker;
		};
/* End PBXContainerItemProxy section */

/* Begin PBXFileReference section */
		008DAC706AD778A64C7E9301 /* UserModelTests.swift */ = {isa = PBXFileReference; lastKnownFileType = sourcecode.swift; path = UserModelTests.swift; sourceTree = "<group>"; };
		02F582FDE2583DFE20EC30A5 /* InviteParentView.swift */ = {isa = PBXFileReference; lastKnownFileType = sourcecode.swift; path = InviteParentView.swift; sourceTree = "<group>"; };
		068A8E9C3B125C83F4D800C7 /* AllowanceTracker.app */ = {isa = PBXFileReference; includeInIndex = 0; lastKnownFileType = wrapper.application; path = AllowanceTracker.app; sourceTree = BUILT_PRODUCTS_DIR; };
		0CB99FE810BEE0019FD17684 /* BudgetViewModel.swift */ = {isa = PBXFileReference; lastKnownFileType = sourcecode.swift; path = BudgetViewModel.swift; sourceTree = "<group>"; };
		1299EFAD191CADB769E2D0FD /* AddChildView.swift */ = {isa = PBXFileReference; lastKnownFileType = sourcecode.swift; path = AddChildView.swift; sourceTree = "<group>"; };
		167E4898E383738FEAA76751 /* AccessibilityExtensionsTests.swift */ = {isa = PBXFileReference; lastKnownFileType = sourcecode.swift; path = AccessibilityExtensionsTests.swift; sourceTree = "<group>"; };
		183103031CF1E4F14E054C56 /* ForgotPasswordView.swift */ = {isa = PBXFileReference; lastKnownFileType = sourcecode.swift; path = ForgotPasswordView.swift; sourceTree = "<group>"; };
		1D7084DC5F7830E8EF884FEE /* TransactionModelTests.swift */ = {isa = PBXFileReference; lastKnownFileType = sourcecode.swift; path = TransactionModelTests.swift; sourceTree = "<group>"; };
		1F9393FC942F14213C030010 /* ProfileView.swift */ = {isa = PBXFileReference; lastKnownFileType = sourcecode.swift; path = ProfileView.swift; sourceTree = "<group>"; };
		20D63294EAA93066BC87EB72 /* APIError.swift */ = {isa = PBXFileReference; lastKnownFileType = sourcecode.swift; path = APIError.swift; sourceTree = "<group>"; };
		2386AC59CD77542D1D7DDA16 /* ChangePasswordView.swift */ = {isa = PBXFileReference; lastKnownFileType = sourcecode.swift; path = ChangePasswordView.swift; sourceTree = "<group>"; };
		27702388D759BCD02E8D4917 /* KeychainServiceTests.swift */ = {isa = PBXFileReference; lastKnownFileType = sourcecode.swift; path = KeychainServiceTests.swift; sourceTree = "<group>"; };
		2B1045F740869F4E22F84236 /* ChildCardView.swift */ = {isa = PBXFileReference; lastKnownFileType = sourcecode.swift; path = ChildCardView.swift; sourceTree = "<group>"; };
		2B5EECC8A2B7A7EC49E5C731 /* User.swift */ = {isa = PBXFileReference; lastKnownFileType = sourcecode.swift; path = User.swift; sourceTree = "<group>"; };
		2BFD617D1FBE0E2CAFC466C6 /* ProfileUITests.swift */ = {isa = PBXFileReference; lastKnownFileType = sourcecode.swift; path = ProfileUITests.swift; sourceTree = "<group>"; };
		2C4605F2EC6F3B323BCF3719 /* WishListItem.swift */ = {isa = PBXFileReference; lastKnownFileType = sourcecode.swift; path = WishListItem.swift; sourceTree = "<group>"; };
		2E71C71E4853AF5D4B2AA392 /* SavingsUITests.swift */ = {isa = PBXFileReference; lastKnownFileType = sourcecode.swift; path = SavingsUITests.swift; sourceTree = "<group>"; };
		3155BFEE8DA052B565C203A5 /* DashboardView.swift */ = {isa = PBXFileReference; lastKnownFileType = sourcecode.swift; path = DashboardView.swift; sourceTree = "<group>"; };
		3277C3D8F8652BDA89889DC9 /* ContentView.swift */ = {isa = PBXFileReference; lastKnownFileType = sourcecode.swift; path = ContentView.swift; sourceTree = "<group>"; };
		327985BF8318900994DF769F /* BudgetService.swift */ = {isa = PBXFileReference; lastKnownFileType = sourcecode.swift; path = BudgetService.swift; sourceTree = "<group>"; };
		36F7C5F33BF6263DE05FFA97 /* KeychainServiceProtocol.swift */ = {isa = PBXFileReference; lastKnownFileType = sourcecode.swift; path = KeychainServiceProtocol.swift; sourceTree = "<group>"; };
		38F9BEE80AC69B5FEAE141A7 /* TransactionViewModel.swift */ = {isa = PBXFileReference; lastKnownFileType = sourcecode.swift; path = TransactionViewModel.swift; sourceTree = "<group>"; };
		39A4E4AD74BDB7D6EA81FB1E /* CacheService.swift */ = {isa = PBXFileReference; lastKnownFileType = sourcecode.swift; path = CacheService.swift; sourceTree = "<group>"; };
		41E12A204B1320B4DEBFFDCD /* DashboardViewModel.swift */ = {isa = PBXFileReference; lastKnownFileType = sourcecode.swift; path = DashboardViewModel.swift; sourceTree = "<group>"; };
		43D839C9C6F3E18CA915FF01 /* AuthViewModel.swift */ = {isa = PBXFileReference; lastKnownFileType = sourcecode.swift; path = AuthViewModel.swift; sourceTree = "<group>"; };
		44AB75FD1281D4DCF728BEBE /* CategorySpending.swift */ = {isa = PBXFileReference; lastKnownFileType = sourcecode.swift; path = CategorySpending.swift; sourceTree = "<group>"; };
		4975CB39C45C4DC329B7233B /* CategorySpendingView.swift */ = {isa = PBXFileReference; lastKnownFileType = sourcecode.swift; path = CategorySpendingView.swift; sourceTree = "<group>"; };
		4AAB947A486DDF6194CA6303 /* URLSessionProtocol.swift */ = {isa = PBXFileReference; lastKnownFileType = sourcecode.swift; path = URLSessionProtocol.swift; sourceTree = "<group>"; };
		4AF93CFB44E626C8A8C527C9 /* KeychainService.swift */ = {isa = PBXFileReference; lastKnownFileType = sourcecode.swift; path = KeychainService.swift; sourceTree = "<group>"; };
		58E533E2047A97EEB0ACA394 /* BudgetWarningView.swift */ = {isa = PBXFileReference; lastKnownFileType = sourcecode.swift; path = BudgetWarningView.swift; sourceTree = "<group>"; };
		6055F4B71C2CBFE0464FD400 /* AnalyticsView.swift */ = {isa = PBXFileReference; lastKnownFileType = sourcecode.swift; path = AnalyticsView.swift; sourceTree = "<group>"; };
		65AA634A443476A6CC9A7536 /* APIServiceProtocol.swift */ = {isa = PBXFileReference; lastKnownFileType = sourcecode.swift; path = APIServiceProtocol.swift; sourceTree = "<group>"; };
		6CD137FFBBE6D0B5CBB5A1D7 /* BudgetCheckResult.swift */ = {isa = PBXFileReference; lastKnownFileType = sourcecode.swift; path = BudgetCheckResult.swift; sourceTree = "<group>"; };
		6D8A2FFF11F5ADB5DA37C765 /* TransactionUITests.swift */ = {isa = PBXFileReference; lastKnownFileType = sourcecode.swift; path = TransactionUITests.swift; sourceTree = "<group>"; };
		701106D997975C68D9EFCB11 /* AnalyticsModels.swift */ = {isa = PBXFileReference; lastKnownFileType = sourcecode.swift; path = AnalyticsModels.swift; sourceTree = "<group>"; };
		72B36C73C8311CE858218313 /* Configuration.swift */ = {isa = PBXFileReference; lastKnownFileType = sourcecode.swift; path = Configuration.swift; sourceTree = "<group>"; };
		73E1881BD7AEEFC3A9138793 /* ParentInvite.swift */ = {isa = PBXFileReference; lastKnownFileType = sourcecode.swift; path = ParentInvite.swift; sourceTree = "<group>"; };
		7890189081FC5ED1DB116247 /* SavingsAccountViewModel.swift */ = {isa = PBXFileReference; lastKnownFileType = sourcecode.swift; path = SavingsAccountViewModel.swift; sourceTree = "<group>"; };
		7B36D34D38F4D2601399C065 /* RegisterView.swift */ = {isa = PBXFileReference; lastKnownFileType = sourcecode.swift; path = RegisterView.swift; sourceTree = "<group>"; };
		7C18B43B2A2B3149F5E8F6DE /* LoginUITests.swift */ = {isa = PBXFileReference; lastKnownFileType = sourcecode.swift; path = LoginUITests.swift; sourceTree = "<group>"; };
		80E5CF3F2866A2B5CA8664AD /* BudgetManagementView.swift */ = {isa = PBXFileReference; lastKnownFileType = sourcecode.swift; path = BudgetManagementView.swift; sourceTree = "<group>"; };
		81833015C67E6DCDDA56F83F /* TransactionCategory.swift */ = {isa = PBXFileReference; lastKnownFileType = sourcecode.swift; path = TransactionCategory.swift; sourceTree = "<group>"; };
		82471B7C9BEEF9DCB92C68BB /* SavingsAccountSheets.swift */ = {isa = PBXFileReference; lastKnownFileType = sourcecode.swift; path = SavingsAccountSheets.swift; sourceTree = "<group>"; };
		8429150D15F954E071B92543 /* CacheServiceTests.swift */ = {isa = PBXFileReference; lastKnownFileType = sourcecode.swift; path = CacheServiceTests.swift; sourceTree = "<group>"; };
		868D2AA0C7BEA6140BD7873F /* Info.plist */ = {isa = PBXFileReference; lastKnownFileType = text.plist; path = Info.plist; sourceTree = "<group>"; };
		8E7E35F73B19A803EFF28C17 /* View+Accessibility.swift */ = {isa = PBXFileReference; lastKnownFileType = sourcecode.swift; path = "View+Accessibility.swift"; sourceTree = "<group>"; };
		8EB8C0DB38054C6A4D517660 /* SavingsAccountView.swift */ = {isa = PBXFileReference; lastKnownFileType = sourcecode.swift; path = SavingsAccountView.swift; sourceTree = "<group>"; };
		8F3F09A5D7FEF92E37BC8985 /* WishListItemModelTests.swift */ = {isa = PBXFileReference; lastKnownFileType = sourcecode.swift; path = WishListItemModelTests.swift; sourceTree = "<group>"; };
		9083730189496415B5A77484 /* AddBudgetSheet.swift */ = {isa = PBXFileReference; lastKnownFileType = sourcecode.swift; path = AddBudgetSheet.swift; sourceTree = "<group>"; };
		9188E6D0B14EB2013F44F78B /* AuthViewModelTests.swift */ = {isa = PBXFileReference; lastKnownFileType = sourcecode.swift; path = AuthViewModelTests.swift; sourceTree = "<group>"; };
		94896A96CF9BDA3798393CDE /* BackgroundRefreshManager.swift */ = {isa = PBXFileReference; lastKnownFileType = sourcecode.swift; path = BackgroundRefreshManager.swift; sourceTree = "<group>"; };
		94D3C235C8CEF981460490C8 /* AllowanceTrackerTests.xctest */ = {isa = PBXFileReference; includeInIndex = 0; lastKnownFileType = wrapper.cfbundle; path = AllowanceTrackerTests.xctest; sourceTree = BUILT_PRODUCTS_DIR; };
		9511205BC02AAB27D4C04913 /* BudgetCardView.swift */ = {isa = PBXFileReference; lastKnownFileType = sourcecode.swift; path = BudgetCardView.swift; sourceTree = "<group>"; };
		9874A1B2615CBFB5EA712C82 /* AnalyticsViewModel.swift */ = {isa = PBXFileReference; lastKnownFileType = sourcecode.swift; path = AnalyticsViewModel.swift; sourceTree = "<group>"; };
		9971849C1DDDED9DECF734FF /* Color+Extensions.swift */ = {isa = PBXFileReference; lastKnownFileType = sourcecode.swift; path = "Color+Extensions.swift"; sourceTree = "<group>"; };
		9C527099EAE7A0E507219D87 /* WishListItemCard.swift */ = {isa = PBXFileReference; lastKnownFileType = sourcecode.swift; path = WishListItemCard.swift; sourceTree = "<group>"; };
		9F57A6F630F2F5933F8DF59B /* WishListViewModelTests.swift */ = {isa = PBXFileReference; lastKnownFileType = sourcecode.swift; path = WishListViewModelTests.swift; sourceTree = "<group>"; };
		A3FD252CEF73A9F38D75FD79 /* ChildSettingsView.swift */ = {isa = PBXFileReference; lastKnownFileType = sourcecode.swift; path = ChildSettingsView.swift; sourceTree = "<group>"; };
		A8B64E88012242818DF6F545 /* Transaction.swift */ = {isa = PBXFileReference; lastKnownFileType = sourcecode.swift; path = Transaction.swift; sourceTree = "<group>"; };
		ABF4A76879BD2EF9E907311B /* MainTabView.swift */ = {isa = PBXFileReference; lastKnownFileType = sourcecode.swift; path = MainTabView.swift; sourceTree = "<group>"; };
		ACC41A25AD2CBF028E0A5366 /* APIServiceTests.swift */ = {isa = PBXFileReference; lastKnownFileType = sourcecode.swift; path = APIServiceTests.swift; sourceTree = "<group>"; };
		AEFC1247011C4421DB4A8BE9 /* SavingsAccount.swift */ = {isa = PBXFileReference; lastKnownFileType = sourcecode.swift; path = SavingsAccount.swift; sourceTree = "<group>"; };
		B3B9C76F31A78298F467E9FB /* WishListViewModel.swift */ = {isa = PBXFileReference; lastKnownFileType = sourcecode.swift; path = WishListViewModel.swift; sourceTree = "<group>"; };
		B3C29B24C99E4AD48ABC5E43 /* CategoryService.swift */ = {isa = PBXFileReference; lastKnownFileType = sourcecode.swift; path = CategoryService.swift; sourceTree = "<group>"; };
		B690EC6291EC064B316D0870 /* Assets.xcassets */ = {isa = PBXFileReference; lastKnownFileType = folder.assetcatalog; path = Assets.xcassets; sourceTree = "<group>"; };
		BAEFF4A42641FE66DE0A2062 /* WishListView.swift */ = {isa = PBXFileReference; lastKnownFileType = sourcecode.swift; path = WishListView.swift; sourceTree = "<group>"; };
		BD55683925400343BF99664F /* Child.swift */ = {isa = PBXFileReference; lastKnownFileType = sourcecode.swift; path = Child.swift; sourceTree = "<group>"; };
		BF6CDEAE773B0CEA9FDE7698 /* ChildModelTests.swift */ = {isa = PBXFileReference; lastKnownFileType = sourcecode.swift; path = ChildModelTests.swift; sourceTree = "<group>"; };
		C59FD92769EDEBB1EF2D5C96 /* DashboardUITests.swift */ = {isa = PBXFileReference; lastKnownFileType = sourcecode.swift; path = DashboardUITests.swift; sourceTree = "<group>"; };
		C61E66B57E0C3FA67E51788E /* AppConstants.swift */ = {isa = PBXFileReference; lastKnownFileType = sourcecode.swift; path = AppConstants.swift; sourceTree = "<group>"; };
		C771EC75E90D047F56D8D580 /* AdaptiveLayout.swift */ = {isa = PBXFileReference; lastKnownFileType = sourcecode.swift; path = AdaptiveLayout.swift; sourceTree = "<group>"; };
		C805BD97634CD8E69A0C1E45 /* AllowanceTracker.entitlements */ = {isa = PBXFileReference; lastKnownFileType = text.plist.entitlements; path = AllowanceTracker.entitlements; sourceTree = "<group>"; };
		CB07737E44061573EE18BA4A /* RegistrationUITests.swift */ = {isa = PBXFileReference; lastKnownFileType = sourcecode.swift; path = RegistrationUITests.swift; sourceTree = "<group>"; };
		CC03B5883497D2426A4D9F83 /* TransactionRowView.swift */ = {isa = PBXFileReference; lastKnownFileType = sourcecode.swift; path = TransactionRowView.swift; sourceTree = "<group>"; };
		CE8704251A33154C84C50C61 /* LoginView.swift */ = {isa = PBXFileReference; lastKnownFileType = sourcecode.swift; path = LoginView.swift; sourceTree = "<group>"; };
		CE8E1F5D6642E0FD57E90078 /* TransactionListView.swift */ = {isa = PBXFileReference; lastKnownFileType = sourcecode.swift; path = TransactionListView.swift; sourceTree = "<group>"; };
		D1C7EC3E6E3DD07D48D589C7 /* AllowanceTrackerApp.swift */ = {isa = PBXFileReference; lastKnownFileType = sourcecode.swift; path = AllowanceTrackerApp.swift; sourceTree = "<group>"; };
		D37170C845EF4D52B10190B0 /* CategoryPicker.swift */ = {isa = PBXFileReference; lastKnownFileType = sourcecode.swift; path = CategoryPicker.swift; sourceTree = "<group>"; };
		D3957C34C75F799539073007 /* Constants.swift */ = {isa = PBXFileReference; lastKnownFileType = sourcecode.swift; path = Constants.swift; sourceTree = "<group>"; };
		D451BAABF667F3EE5395794A /* BackgroundRefreshManagerTests.swift */ = {isa = PBXFileReference; lastKnownFileType = sourcecode.swift; path = BackgroundRefreshManagerTests.swift; sourceTree = "<group>"; };
		D56440BE9A09B7564C8C3D1E /* CreateTransactionView.swift */ = {isa = PBXFileReference; lastKnownFileType = sourcecode.swift; path = CreateTransactionView.swift; sourceTree = "<group>"; };
		D5FEDAD8A2AE357B0FB81E38 /* WishListUITests.swift */ = {isa = PBXFileReference; lastKnownFileType = sourcecode.swift; path = WishListUITests.swift; sourceTree = "<group>"; };
		DA8DB3551673BE9FED7F5484 /* DesignSystem.swift */ = {isa = PBXFileReference; lastKnownFileType = sourcecode.swift; path = DesignSystem.swift; sourceTree = "<group>"; };
		DC0A62AE021E20C31621454C /* AddWishListItemView.swift */ = {isa = PBXFileReference; lastKnownFileType = sourcecode.swift; path = AddWishListItemView.swift; sourceTree = "<group>"; };
		DD9485050A48C7AC03338E32 /* ResetPasswordView.swift */ = {isa = PBXFileReference; lastKnownFileType = sourcecode.swift; path = ResetPasswordView.swift; sourceTree = "<group>"; };
		DE6C13BF6B487ACE602CF9B0 /* Extensions.swift */ = {isa = PBXFileReference; lastKnownFileType = sourcecode.swift; path = Extensions.swift; sourceTree = "<group>"; };
		E0D765448D63F943EAAF4E7A /* CategoryBudget.swift */ = {isa = PBXFileReference; lastKnownFileType = sourcecode.swift; path = CategoryBudget.swift; sourceTree = "<group>"; };
		E26B668E262520C7C447EB39 /* TransactionViewModelTests.swift */ = {isa = PBXFileReference; lastKnownFileType = sourcecode.swift; path = TransactionViewModelTests.swift; sourceTree = "<group>"; };
		E5506D64405103E5E580665B /* APIService.swift */ = {isa = PBXFileReference; lastKnownFileType = sourcecode.swift; path = APIService.swift; sourceTree = "<group>"; };
		F038807F8BD2BF60EB79F6F0 /* DashboardViewModelTests.swift */ = {isa = PBXFileReference; lastKnownFileType = sourcecode.swift; path = DashboardViewModelTests.swift; sourceTree = "<group>"; };
		F10C80566D753CD427E04E3E /* EditWishListItemView.swift */ = {isa = PBXFileReference; lastKnownFileType = sourcecode.swift; path = EditWishListItemView.swift; sourceTree = "<group>"; };
		F236DDAE8B3A3139A01EDE14 /* AllowanceTrackerUITests.xctest */ = {isa = PBXFileReference; includeInIndex = 0; lastKnownFileType = wrapper.cfbundle; path = AllowanceTrackerUITests.xctest; sourceTree = BUILT_PRODUCTS_DIR; };
		F45D1965078A6166B2675BA0 /* CategorySpendingChart.swift */ = {isa = PBXFileReference; lastKnownFileType = sourcecode.swift; path = CategorySpendingChart.swift; sourceTree = "<group>"; };
		F88034558BD809F2C0DCCE5E /* AllowanceTrackerUITests.swift */ = {isa = PBXFileReference; lastKnownFileType = sourcecode.swift; path = AllowanceTrackerUITests.swift; sourceTree = "<group>"; };
		"TEMP_8EB72A06-1BFF-4130-A62E-74F5136A36DF" /* AllowanceTracker.xcodeproj */ = {isa = PBXFileReference; lastKnownFileType = "wrapper.pb-project"; path = AllowanceTracker.xcodeproj; sourceTree = "<group>"; };
/* End PBXFileReference section */

/* Begin PBXGroup section */
		0021B78C9AF1A283B7BEFE65 /* Components */ = {
			isa = PBXGroup;
			children = (
				9511205BC02AAB27D4C04913 /* BudgetCardView.swift */,
				58E533E2047A97EEB0ACA394 /* BudgetWarningView.swift */,
				D37170C845EF4D52B10190B0 /* CategoryPicker.swift */,
				F45D1965078A6166B2675BA0 /* CategorySpendingChart.swift */,
				2B1045F740869F4E22F84236 /* ChildCardView.swift */,
				CC03B5883497D2426A4D9F83 /* TransactionRowView.swift */,
				9C527099EAE7A0E507219D87 /* WishListItemCard.swift */,
			);
			path = Components;
			sourceTree = "<group>";
		};
		02245B562EFB349D002B48DE /* Recovered References */ = {
			isa = PBXGroup;
			children = (
				"TEMP_8EB72A06-1BFF-4130-A62E-74F5136A36DF" /* AllowanceTracker.xcodeproj */,
			);
			name = "Recovered References";
			sourceTree = "<group>";
		};
		02245B572EFB349E002B48DE /* Products */ = {
			isa = PBXGroup;
			name = Products;
			sourceTree = "<group>";
		};
		0D75775C3E3206F8E1238D35 /* Dashboard */ = {
			isa = PBXGroup;
			children = (
				1299EFAD191CADB769E2D0FD /* AddChildView.swift */,
				A3FD252CEF73A9F38D75FD79 /* ChildSettingsView.swift */,
				3155BFEE8DA052B565C203A5 /* DashboardView.swift */,
			);
			path = Dashboard;
			sourceTree = "<group>";
		};
		130361A734BE4C22559C8DB4 /* ModelTests */ = {
			isa = PBXGroup;
			children = (
				BF6CDEAE773B0CEA9FDE7698 /* ChildModelTests.swift */,
				1D7084DC5F7830E8EF884FEE /* TransactionModelTests.swift */,
				008DAC706AD778A64C7E9301 /* UserModelTests.swift */,
				8F3F09A5D7FEF92E37BC8985 /* WishListItemModelTests.swift */,
			);
			path = ModelTests;
			sourceTree = "<group>";
		};
		34619E48D893B711CDB6C054 /* Products */ = {
			isa = PBXGroup;
			children = (
				068A8E9C3B125C83F4D800C7 /* AllowanceTracker.app */,
				94D3C235C8CEF981460490C8 /* AllowanceTrackerTests.xctest */,
				F236DDAE8B3A3139A01EDE14 /* AllowanceTrackerUITests.xctest */,
			);
			name = Products;
			sourceTree = "<group>";
		};
		3AFA4BCB420BC8EAE3362C3A /* Services */ = {
			isa = PBXGroup;
			children = (
				8A63E704894489B317BD7CE0 /* Background */,
				BB1CD8C101BCF29887ADE586 /* Network */,
				8E8F995F9DAD5277135A0689 /* Storage */,
				327985BF8318900994DF769F /* BudgetService.swift */,
				B3C29B24C99E4AD48ABC5E43 /* CategoryService.swift */,
			);
			path = Services;
			sourceTree = "<group>";
		};
		407023F9E2ECCA37E6FEB70C /* Views */ = {
			isa = PBXGroup;
			children = (
				FA34A8B85A9240074C18D37E /* Analytics */,
				6B7169A15CD07534396A026C /* Auth */,
				897D65145AE16FC2B360CE37 /* Budget */,
				0021B78C9AF1A283B7BEFE65 /* Components */,
				0D75775C3E3206F8E1238D35 /* Dashboard */,
				A246821B7344388A84E6E06F /* Profile */,
				FA2475A4D2AD3961B6D8FCA5 /* Savings */,
				F250324F929A427D09E736C3 /* Transactions */,
				57CCA6D1A036D57E548482E1 /* WishList */,
				3277C3D8F8652BDA89889DC9 /* ContentView.swift */,
				ABF4A76879BD2EF9E907311B /* MainTabView.swift */,
				1F9393FC942F14213C030010 /* ProfileView.swift */,
			);
			path = Views;
			sourceTree = "<group>";
		};
		516812BE92BE3F340489DC9E /* Extensions */ = {
			isa = PBXGroup;
			children = (
				9971849C1DDDED9DECF734FF /* Color+Extensions.swift */,
				8E7E35F73B19A803EFF28C17 /* View+Accessibility.swift */,
			);
			path = Extensions;
			sourceTree = "<group>";
		};
		53300D9FA1272649C768D84A /* Resources */ = {
			isa = PBXGroup;
			children = (
				B690EC6291EC064B316D0870 /* Assets.xcassets */,
			);
			path = Resources;
			sourceTree = "<group>";
		};
		57CCA6D1A036D57E548482E1 /* WishList */ = {
			isa = PBXGroup;
			children = (
				DC0A62AE021E20C31621454C /* AddWishListItemView.swift */,
				F10C80566D753CD427E04E3E /* EditWishListItemView.swift */,
				BAEFF4A42641FE66DE0A2062 /* WishListView.swift */,
			);
			path = WishList;
			sourceTree = "<group>";
		};
		5BB5BCF3286ED1276B386F2D /* Tests */ = {
			isa = PBXGroup;
			children = (
				866A5782C39B143DB28C6D70 /* Unit */,
			);
			path = Tests;
			sourceTree = "<group>";
		};
		5C3516E3B28543C5A174734D /* UITests */ = {
			isa = PBXGroup;
			children = (
				F88034558BD809F2C0DCCE5E /* AllowanceTrackerUITests.swift */,
				C59FD92769EDEBB1EF2D5C96 /* DashboardUITests.swift */,
				7C18B43B2A2B3149F5E8F6DE /* LoginUITests.swift */,
				2BFD617D1FBE0E2CAFC466C6 /* ProfileUITests.swift */,
				CB07737E44061573EE18BA4A /* RegistrationUITests.swift */,
				2E71C71E4853AF5D4B2AA392 /* SavingsUITests.swift */,
				6D8A2FFF11F5ADB5DA37C765 /* TransactionUITests.swift */,
				D5FEDAD8A2AE357B0FB81E38 /* WishListUITests.swift */,
			);
			path = UITests;
			sourceTree = "<group>";
		};
		5E5C72F155D279C4CCDD2638 /* Analytics */ = {
			isa = PBXGroup;
			children = (
				701106D997975C68D9EFCB11 /* AnalyticsModels.swift */,
			);
			path = Analytics;
			sourceTree = "<group>";
		};
		6B7169A15CD07534396A026C /* Auth */ = {
			isa = PBXGroup;
			children = (
				2386AC59CD77542D1D7DDA16 /* ChangePasswordView.swift */,
				183103031CF1E4F14E054C56 /* ForgotPasswordView.swift */,
				CE8704251A33154C84C50C61 /* LoginView.swift */,
				7B36D34D38F4D2601399C065 /* RegisterView.swift */,
				DD9485050A48C7AC03338E32 /* ResetPasswordView.swift */,
			);
			path = Auth;
			sourceTree = "<group>";
		};
		7C1DD20F7DA46F175719B9B7 = {
			isa = PBXGroup;
			children = (
				DBA727681DCAEBD4000F973F /* App */,
				8E54C771B9AA88A28FC8EC3E /* DesignSystem */,
				EF1720C3B9179CFCB0481AE3 /* Models */,
				53300D9FA1272649C768D84A /* Resources */,
				3AFA4BCB420BC8EAE3362C3A /* Services */,
				5BB5BCF3286ED1276B386F2D /* Tests */,
				5C3516E3B28543C5A174734D /* UITests */,
				840A784D3A663523ECB6196B /* Utilities */,
				82EF93D3E39C4015F68E6008 /* ViewModels */,
				407023F9E2ECCA37E6FEB70C /* Views */,
				34619E48D893B711CDB6C054 /* Products */,
				02245B562EFB349D002B48DE /* Recovered References */,
			);
			sourceTree = "<group>";
		};
		82EF93D3E39C4015F68E6008 /* ViewModels */ = {
			isa = PBXGroup;
			children = (
				9874A1B2615CBFB5EA712C82 /* AnalyticsViewModel.swift */,
				43D839C9C6F3E18CA915FF01 /* AuthViewModel.swift */,
				0CB99FE810BEE0019FD17684 /* BudgetViewModel.swift */,
				41E12A204B1320B4DEBFFDCD /* DashboardViewModel.swift */,
				7890189081FC5ED1DB116247 /* SavingsAccountViewModel.swift */,
				38F9BEE80AC69B5FEAE141A7 /* TransactionViewModel.swift */,
				B3B9C76F31A78298F467E9FB /* WishListViewModel.swift */,
			);
			path = ViewModels;
			sourceTree = "<group>";
		};
		837C49F313F367FE12FE8794 /* Constants */ = {
			isa = PBXGroup;
			children = (
				C61E66B57E0C3FA67E51788E /* AppConstants.swift */,
			);
			path = Constants;
			sourceTree = "<group>";
		};
		840A784D3A663523ECB6196B /* Utilities */ = {
			isa = PBXGroup;
			children = (
				837C49F313F367FE12FE8794 /* Constants */,
				516812BE92BE3F340489DC9E /* Extensions */,
				C771EC75E90D047F56D8D580 /* AdaptiveLayout.swift */,
				72B36C73C8311CE858218313 /* Configuration.swift */,
				D3957C34C75F799539073007 /* Constants.swift */,
				DE6C13BF6B487ACE602CF9B0 /* Extensions.swift */,
			);
			path = Utilities;
			sourceTree = "<group>";
		};
		85262FA0F488627C607A2814 /* ViewModelTests */ = {
			isa = PBXGroup;
			children = (
				9188E6D0B14EB2013F44F78B /* AuthViewModelTests.swift */,
				F038807F8BD2BF60EB79F6F0 /* DashboardViewModelTests.swift */,
				E26B668E262520C7C447EB39 /* TransactionViewModelTests.swift */,
				9F57A6F630F2F5933F8DF59B /* WishListViewModelTests.swift */,
			);
			path = ViewModelTests;
			sourceTree = "<group>";
		};
		866A5782C39B143DB28C6D70 /* Unit */ = {
			isa = PBXGroup;
			children = (
				955CD99A3A478F8017623111 /* AccessibilityTests */,
				130361A734BE4C22559C8DB4 /* ModelTests */,
				DACB7366E798AE7287548ACE /* ServiceTests */,
				85262FA0F488627C607A2814 /* ViewModelTests */,
			);
			path = Unit;
			sourceTree = "<group>";
		};
		897D65145AE16FC2B360CE37 /* Budget */ = {
			isa = PBXGroup;
			children = (
				9083730189496415B5A77484 /* AddBudgetSheet.swift */,
				80E5CF3F2866A2B5CA8664AD /* BudgetManagementView.swift */,
			);
			path = Budget;
			sourceTree = "<group>";
		};
		8A63E704894489B317BD7CE0 /* Background */ = {
			isa = PBXGroup;
			children = (
				94896A96CF9BDA3798393CDE /* BackgroundRefreshManager.swift */,
			);
			path = Background;
			sourceTree = "<group>";
		};
		8E54C771B9AA88A28FC8EC3E /* DesignSystem */ = {
			isa = PBXGroup;
			children = (
				DA8DB3551673BE9FED7F5484 /* DesignSystem.swift */,
			);
			path = DesignSystem;
			sourceTree = "<group>";
		};
		8E8F995F9DAD5277135A0689 /* Storage */ = {
			isa = PBXGroup;
			children = (
				39A4E4AD74BDB7D6EA81FB1E /* CacheService.swift */,
				4AF93CFB44E626C8A8C527C9 /* KeychainService.swift */,
				36F7C5F33BF6263DE05FFA97 /* KeychainServiceProtocol.swift */,
			);
			path = Storage;
			sourceTree = "<group>";
		};
		955CD99A3A478F8017623111 /* AccessibilityTests */ = {
			isa = PBXGroup;
			children = (
				167E4898E383738FEAA76751 /* AccessibilityExtensionsTests.swift */,
			);
			path = AccessibilityTests;
			sourceTree = "<group>";
		};
		A246821B7344388A84E6E06F /* Profile */ = {
			isa = PBXGroup;
			children = (
				02F582FDE2583DFE20EC30A5 /* InviteParentView.swift */,
			);
			path = Profile;
			sourceTree = "<group>";
		};
		BB1CD8C101BCF29887ADE586 /* Network */ = {
			isa = PBXGroup;
			children = (
				20D63294EAA93066BC87EB72 /* APIError.swift */,
				E5506D64405103E5E580665B /* APIService.swift */,
				65AA634A443476A6CC9A7536 /* APIServiceProtocol.swift */,
				4AAB947A486DDF6194CA6303 /* URLSessionProtocol.swift */,
			);
			path = Network;
			sourceTree = "<group>";
		};
		DACB7366E798AE7287548ACE /* ServiceTests */ = {
			isa = PBXGroup;
			children = (
				ACC41A25AD2CBF028E0A5366 /* APIServiceTests.swift */,
				D451BAABF667F3EE5395794A /* BackgroundRefreshManagerTests.swift */,
				8429150D15F954E071B92543 /* CacheServiceTests.swift */,
				27702388D759BCD02E8D4917 /* KeychainServiceTests.swift */,
			);
			path = ServiceTests;
			sourceTree = "<group>";
		};
		DBA727681DCAEBD4000F973F /* App */ = {
			isa = PBXGroup;
			children = (
				C805BD97634CD8E69A0C1E45 /* AllowanceTracker.entitlements */,
				D1C7EC3E6E3DD07D48D589C7 /* AllowanceTrackerApp.swift */,
				868D2AA0C7BEA6140BD7873F /* Info.plist */,
			);
			path = App;
			sourceTree = "<group>";
		};
		EF1720C3B9179CFCB0481AE3 /* Models */ = {
			isa = PBXGroup;
			children = (
				5E5C72F155D279C4CCDD2638 /* Analytics */,
				6CD137FFBBE6D0B5CBB5A1D7 /* BudgetCheckResult.swift */,
				E0D765448D63F943EAAF4E7A /* CategoryBudget.swift */,
				44AB75FD1281D4DCF728BEBE /* CategorySpending.swift */,
				BD55683925400343BF99664F /* Child.swift */,
				73E1881BD7AEEFC3A9138793 /* ParentInvite.swift */,
				AEFC1247011C4421DB4A8BE9 /* SavingsAccount.swift */,
				A8B64E88012242818DF6F545 /* Transaction.swift */,
				81833015C67E6DCDDA56F83F /* TransactionCategory.swift */,
				2B5EECC8A2B7A7EC49E5C731 /* User.swift */,
				2C4605F2EC6F3B323BCF3719 /* WishListItem.swift */,
			);
			path = Models;
			sourceTree = "<group>";
		};
		F250324F929A427D09E736C3 /* Transactions */ = {
			isa = PBXGroup;
			children = (
				D56440BE9A09B7564C8C3D1E /* CreateTransactionView.swift */,
				CE8E1F5D6642E0FD57E90078 /* TransactionListView.swift */,
			);
			path = Transactions;
			sourceTree = "<group>";
		};
		FA2475A4D2AD3961B6D8FCA5 /* Savings */ = {
			isa = PBXGroup;
			children = (
				82471B7C9BEEF9DCB92C68BB /* SavingsAccountSheets.swift */,
				8EB8C0DB38054C6A4D517660 /* SavingsAccountView.swift */,
			);
			path = Savings;
			sourceTree = "<group>";
		};
		FA34A8B85A9240074C18D37E /* Analytics */ = {
			isa = PBXGroup;
			children = (
				6055F4B71C2CBFE0464FD400 /* AnalyticsView.swift */,
				4975CB39C45C4DC329B7233B /* CategorySpendingView.swift */,
			);
			path = Analytics;
			sourceTree = "<group>";
		};
/* End PBXGroup section */

/* Begin PBXNativeTarget section */
		210C8DE349F66D2F314168FF /* AllowanceTracker */ = {
			isa = PBXNativeTarget;
			buildConfigurationList = FF1C700CF4F5FA54C3415001 /* Build configuration list for PBXNativeTarget "AllowanceTracker" */;
			buildPhases = (
				CE375E243D4D190BAC237FFB /* Sources */,
				A20BF9698A1762082D74F060 /* Resources */,
			);
			buildRules = (
			);
			dependencies = (
			);
			name = AllowanceTracker;
			packageProductDependencies = (
			);
			productName = AllowanceTracker;
			productReference = 068A8E9C3B125C83F4D800C7 /* AllowanceTracker.app */;
			productType = "com.apple.product-type.application";
		};
		81C1BD9286706B5FEE76C781 /* AllowanceTrackerTests */ = {
			isa = PBXNativeTarget;
			buildConfigurationList = 0998E3415B8EE2DBF357957B /* Build configuration list for PBXNativeTarget "AllowanceTrackerTests" */;
			buildPhases = (
				044467F040BC0DAEA16E16EE /* Sources */,
			);
			buildRules = (
			);
			dependencies = (
				9381BD47B6F5E14E2F58180B /* PBXTargetDependency */,
			);
			name = AllowanceTrackerTests;
			packageProductDependencies = (
			);
			productName = AllowanceTrackerTests;
			productReference = 94D3C235C8CEF981460490C8 /* AllowanceTrackerTests.xctest */;
			productType = "com.apple.product-type.bundle.unit-test";
		};
		849439CD2835C88EAFE036DF /* AllowanceTrackerUITests */ = {
			isa = PBXNativeTarget;
			buildConfigurationList = 07353028D795980EC62E4BB3 /* Build configuration list for PBXNativeTarget "AllowanceTrackerUITests" */;
			buildPhases = (
				F4B3F50BFB1CFCD52A213024 /* Sources */,
			);
			buildRules = (
			);
			dependencies = (
				B9FAC1E2C02619C13CAE04F3 /* PBXTargetDependency */,
			);
			name = AllowanceTrackerUITests;
			packageProductDependencies = (
			);
			productName = AllowanceTrackerUITests;
			productReference = F236DDAE8B3A3139A01EDE14 /* AllowanceTrackerUITests.xctest */;
			productType = "com.apple.product-type.bundle.ui-testing";
		};
/* End PBXNativeTarget section */

/* Begin PBXProject section */
		2E7EB112302D59F79192DAB0 /* Project object */ = {
			isa = PBXProject;
			attributes = {
				BuildIndependentTargetsInParallel = YES;
				LastUpgradeCheck = 1430;
				TargetAttributes = {
					210C8DE349F66D2F314168FF = {
						DevelopmentTeam = 5L2J3MYB5N;
						ProvisioningStyle = Automatic;
					};
					849439CD2835C88EAFE036DF = {
						TestTargetID = 210C8DE349F66D2F314168FF;
					};
				};
			};
			buildConfigurationList = C9628781DD0CBD770246A884 /* Build configuration list for PBXProject "AllowanceTracker" */;
			compatibilityVersion = "Xcode 14.0";
			developmentRegion = en;
			hasScannedForEncodings = 0;
			knownRegions = (
				Base,
				en,
			);
			mainGroup = 7C1DD20F7DA46F175719B9B7;
			minimizedProjectReferenceProxies = 1;
			projectDirPath = "";
			projectReferences = (
				{
					ProductGroup = 02245B572EFB349E002B48DE /* Products */;
					ProjectRef = "TEMP_8EB72A06-1BFF-4130-A62E-74F5136A36DF" /* AllowanceTracker.xcodeproj */;
				},
			);
			projectRoot = "";
			targets = (
				210C8DE349F66D2F314168FF /* AllowanceTracker */,
				81C1BD9286706B5FEE76C781 /* AllowanceTrackerTests */,
				849439CD2835C88EAFE036DF /* AllowanceTrackerUITests */,
			);
		};
/* End PBXProject section */

/* Begin PBXResourcesBuildPhase section */
		A20BF9698A1762082D74F060 /* Resources */ = {
			isa = PBXResourcesBuildPhase;
			buildActionMask = 2147483647;
			files = (
				AEBC172E74F4B7F464DAA624 /* AllowanceTracker.xcodeproj in Resources */,
				81D4B0D8481B085D31091D2A /* Assets.xcassets in Resources */,
			);
			runOnlyForDeploymentPostprocessing = 0;
		};
/* End PBXResourcesBuildPhase section */

/* Begin PBXSourcesBuildPhase section */
		044467F040BC0DAEA16E16EE /* Sources */ = {
			isa = PBXSourcesBuildPhase;
			buildActionMask = 2147483647;
			files = (
				89C348EDCE74FB93B214329B /* APIServiceTests.swift in Sources */,
				E5A2485068327A8CA29D744E /* AccessibilityExtensionsTests.swift in Sources */,
				D619E09B20CF6E22ACA45C8B /* AuthViewModelTests.swift in Sources */,
				6CDC5CB9AE8D61D1D739D003 /* BackgroundRefreshManagerTests.swift in Sources */,
				B5A725FD15A2FDC503C86925 /* CacheServiceTests.swift in Sources */,
				A674089E5C7E9D3CDEB093BF /* ChildModelTests.swift in Sources */,
				CE72F802D63D80C1DF39185D /* DashboardViewModelTests.swift in Sources */,
				B7B6BB7798747FE218974D74 /* KeychainServiceTests.swift in Sources */,
				21953AAC3B9217757DA16B82 /* TransactionModelTests.swift in Sources */,
				9AC85C6CBA58EF764816F78B /* TransactionViewModelTests.swift in Sources */,
				198C434F0378B6D1CBB2F72E /* UserModelTests.swift in Sources */,
				497F30F6DC26460BA120E05B /* WishListItemModelTests.swift in Sources */,
				B47E8622458984FB2F7AEAF7 /* WishListViewModelTests.swift in Sources */,
			);
			runOnlyForDeploymentPostprocessing = 0;
		};
		CE375E243D4D190BAC237FFB /* Sources */ = {
			isa = PBXSourcesBuildPhase;
			buildActionMask = 2147483647;
			files = (
				183928CCB48BBD53C49253CE /* APIError.swift in Sources */,
				3A040680B290B051179F3A29 /* APIService.swift in Sources */,
				06BE24FED9B62E323CE2EA21 /* APIServiceProtocol.swift in Sources */,
				BC133445132BDC9F1BDCD177 /* AdaptiveLayout.swift in Sources */,
				355060DED677074C60F22D78 /* AddBudgetSheet.swift in Sources */,
				553D5CA9D207C4E210BC84E8 /* AddChildView.swift in Sources */,
				2DF05441F262D2E24FCFB649 /* AddWishListItemView.swift in Sources */,
				330A2BC98A9A87C441D1285E /* AllowanceTrackerApp.swift in Sources */,
				4C5639B480606C92AB00F5F8 /* AnalyticsModels.swift in Sources */,
				6B3C953CC904A762FAB8D89F /* AnalyticsView.swift in Sources */,
				C67D19D66BD650062539BB93 /* AnalyticsViewModel.swift in Sources */,
				D78E31C6D62AD4D5A39AF166 /* AppConstants.swift in Sources */,
				7EAA5C6438A17A7549914EDE /* AuthViewModel.swift in Sources */,
				D5E8AA9252379873C071D364 /* BackgroundRefreshManager.swift in Sources */,
				A558856B52FC7B604CD3EB5F /* BudgetCardView.swift in Sources */,
				4DF43D6E7B1AED274C6029BA /* BudgetCheckResult.swift in Sources */,
				5347190EB1710AF34A8EC557 /* BudgetManagementView.swift in Sources */,
				62FF61B6C0BAA96C618028D7 /* BudgetService.swift in Sources */,
				2424AF2E2E9E283B88FB9E92 /* BudgetViewModel.swift in Sources */,
				C69815C002A93CBEAD872D07 /* BudgetWarningView.swift in Sources */,
				48B5B2A6A150AB2E5EE54776 /* CacheService.swift in Sources */,
				52217E7D711D1DFB94B34125 /* CategoryBudget.swift in Sources */,
				F4E45E82B72406A2F999324E /* CategoryPicker.swift in Sources */,
				37C451E5EAF0FA3B557AFC43 /* CategoryService.swift in Sources */,
				821B55191AD1497D8EBC8683 /* CategorySpending.swift in Sources */,
				0538BA6FCB7475075266ED38 /* CategorySpendingChart.swift in Sources */,
				2B520FBD2902C6B724917119 /* CategorySpendingView.swift in Sources */,
				2D6C8581B86910069BE4AB54 /* ChangePasswordView.swift in Sources */,
				C1938DC8B1359CEAFAAF977D /* Child.swift in Sources */,
				2EFAC6016C4DA9E1C8924CFF /* ChildCardView.swift in Sources */,
				7D37C69EA127E5A585D0843B /* ChildSettingsView.swift in Sources */,
				21BCEF3A0815946379F82E01 /* Color+Extensions.swift in Sources */,
				066C0230CF98F09DC59190CA /* Configuration.swift in Sources */,
				9DD5C197211524369BB0C9A5 /* Constants.swift in Sources */,
				DDDDF216AD145AA2A2921C8D /* ContentView.swift in Sources */,
				5C47E70308B479B7C6DC33B1 /* CreateTransactionView.swift in Sources */,
				754FAE657A95A7E9E2B52E7C /* DashboardView.swift in Sources */,
				64C8BB0E6B0CDC9B443F0A0F /* DashboardViewModel.swift in Sources */,
				98A8681444ECB2AAC9CA249A /* DesignSystem.swift in Sources */,
				3D4132A32423DA826EA367C0 /* EditWishListItemView.swift in Sources */,
				B621444A0E49605D7B961BB9 /* Extensions.swift in Sources */,
				10BE0F019ADB320165C1FF7D /* ForgotPasswordView.swift in Sources */,
				93085AE6C0D90262EB38BABE /* InviteParentView.swift in Sources */,
				24528A8EDD7DE83C89A2C53C /* KeychainService.swift in Sources */,
				B92DB03EE6F791F788C2372A /* KeychainServiceProtocol.swift in Sources */,
				99B0A025057959EF842E1A2A /* LoginView.swift in Sources */,
				B7B65044BB8C798BB9684F99 /* MainTabView.swift in Sources */,
				5E5D2D99D2AF257C110EBA81 /* ParentInvite.swift in Sources */,
				B374C06FF93E8F0BBC2774A6 /* ProfileView.swift in Sources */,
				87A0D0ACEF546800F2EDCD18 /* RegisterView.swift in Sources */,
				F06974BCEE86E50AB798D08D /* ResetPasswordView.swift in Sources */,
				DB21A848161E41D333A83A86 /* SavingsAccount.swift in Sources */,
				8223E44055758570A773E6BE /* SavingsAccountSheets.swift in Sources */,
				9063EA56E65FC82507D28E5B /* SavingsAccountView.swift in Sources */,
				3EE8FA585DB0D9BD8F62EB2A /* SavingsAccountViewModel.swift in Sources */,
				2F575FA3F5C577D7E8C3EFF5 /* Transaction.swift in Sources */,
				9480B8B3FEBA7DBE61B571ED /* TransactionCategory.swift in Sources */,
				996CC3E277C691E34334D759 /* TransactionListView.swift in Sources */,
				7553807CCF83AE76B55FE913 /* TransactionRowView.swift in Sources */,
				ECAED8A3C2359518CD636EC6 /* TransactionViewModel.swift in Sources */,
				9E8BEFD3907848D6CC895A7D /* URLSessionProtocol.swift in Sources */,
				D4297B78B77DAE35C73CAA42 /* User.swift in Sources */,
				A2CB6A57EF2D22D99D67B1B9 /* View+Accessibility.swift in Sources */,
				EDBDC730CEFD37CFEFDB9D39 /* WishListItem.swift in Sources */,
				818C8BBF4CECC8AAB6397C6E /* WishListItemCard.swift in Sources */,
				60A5EE98A3678AE99994268D /* WishListView.swift in Sources */,
				53138129CB75D6856015BD6A /* WishListViewModel.swift in Sources */,
			);
			runOnlyForDeploymentPostprocessing = 0;
		};
		F4B3F50BFB1CFCD52A213024 /* Sources */ = {
			isa = PBXSourcesBuildPhase;
			buildActionMask = 2147483647;
			files = (
				C6D9A1F02189448455990B90 /* AllowanceTrackerUITests.swift in Sources */,
				EFAAA8B957184341801AA350 /* DashboardUITests.swift in Sources */,
				D9C810AFC9E1051DA50AE3A8 /* LoginUITests.swift in Sources */,
				6A0D50EB0CC0D4679B6A76B2 /* ProfileUITests.swift in Sources */,
				B08B4D219CE948FA6B987C14 /* RegistrationUITests.swift in Sources */,
				F95122D9FEC002140DB4CCEC /* SavingsUITests.swift in Sources */,
				C0590AE5DE4EA5B2AAC4D532 /* TransactionUITests.swift in Sources */,
				FA876E7626C49A35B4934C5B /* WishListUITests.swift in Sources */,
			);
			runOnlyForDeploymentPostprocessing = 0;
		};
/* End PBXSourcesBuildPhase section */

/* Begin PBXTargetDependency section */
		9381BD47B6F5E14E2F58180B /* PBXTargetDependency */ = {
			isa = PBXTargetDependency;
			target = 210C8DE349F66D2F314168FF /* AllowanceTracker */;
			targetProxy = AACC7E8E405E2432B48BAA4F /* PBXContainerItemProxy */;
		};
		B9FAC1E2C02619C13CAE04F3 /* PBXTargetDependency */ = {
			isa = PBXTargetDependency;
			target = 210C8DE349F66D2F314168FF /* AllowanceTracker */;
			targetProxy = 260F77C0316034826D5166BE /* PBXContainerItemProxy */;
		};
/* End PBXTargetDependency section */

/* Begin XCBuildConfiguration section */
		1126237C13DB553D5CFDE9D6 /* Release */ = {
			isa = XCBuildConfiguration;
			buildSettings = {
				BUNDLE_LOADER = "$(TEST_HOST)";
				GENERATE_INFOPLIST_FILE = YES;
				LD_RUNPATH_SEARCH_PATHS = (
					"$(inherited)",
					"@executable_path/Frameworks",
					"@loader_path/Frameworks",
				);
				PRODUCT_BUNDLE_IDENTIFIER = app.earnandlearn.ios.uitests;
				SDKROOT = iphoneos;
				TARGETED_DEVICE_FAMILY = "1,2";
				TEST_TARGET_NAME = AllowanceTracker;
			};
			name = Release;
		};
		29013C533A75D8E13010D441 /* Release */ = {
			isa = XCBuildConfiguration;
			buildSettings = {
				ALWAYS_SEARCH_USER_PATHS = NO;
				CLANG_ANALYZER_NONNULL = YES;
				CLANG_ANALYZER_NUMBER_OBJECT_CONVERSION = YES_AGGRESSIVE;
				CLANG_CXX_LANGUAGE_STANDARD = "gnu++14";
				CLANG_CXX_LIBRARY = "libc++";
				CLANG_ENABLE_MODULES = YES;
				CLANG_ENABLE_OBJC_ARC = YES;
				CLANG_ENABLE_OBJC_WEAK = YES;
				CLANG_WARN_BLOCK_CAPTURE_AUTORELEASING = YES;
				CLANG_WARN_BOOL_CONVERSION = YES;
				CLANG_WARN_COMMA = YES;
				CLANG_WARN_CONSTANT_CONVERSION = YES;
				CLANG_WARN_DEPRECATED_OBJC_IMPLEMENTATIONS = YES;
				CLANG_WARN_DIRECT_OBJC_ISA_USAGE = YES_ERROR;
				CLANG_WARN_DOCUMENTATION_COMMENTS = YES;
				CLANG_WARN_EMPTY_BODY = YES;
				CLANG_WARN_ENUM_CONVERSION = YES;
				CLANG_WARN_INFINITE_RECURSION = YES;
				CLANG_WARN_INT_CONVERSION = YES;
				CLANG_WARN_NON_LITERAL_NULL_CONVERSION = YES;
				CLANG_WARN_OBJC_IMPLICIT_RETAIN_SELF = YES;
				CLANG_WARN_OBJC_LITERAL_CONVERSION = YES;
				CLANG_WARN_OBJC_ROOT_CLASS = YES_ERROR;
				CLANG_WARN_QUOTED_INCLUDE_IN_FRAMEWORK_HEADER = YES;
				CLANG_WARN_RANGE_LOOP_ANALYSIS = YES;
				CLANG_WARN_STRICT_PROTOTYPES = YES;
				CLANG_WARN_SUSPICIOUS_MOVE = YES;
				CLANG_WARN_UNGUARDED_AVAILABILITY = YES_AGGRESSIVE;
				CLANG_WARN_UNREACHABLE_CODE = YES;
				CLANG_WARN__DUPLICATE_METHOD_MATCH = YES;
				COPY_PHASE_STRIP = NO;
				CURRENT_PROJECT_VERSION = 1;
				DEBUG_INFORMATION_FORMAT = "dwarf-with-dsym";
				ENABLE_NS_ASSERTIONS = NO;
				ENABLE_STRICT_OBJC_MSGSEND = YES;
				GCC_C_LANGUAGE_STANDARD = gnu11;
				GCC_NO_COMMON_BLOCKS = YES;
				GCC_WARN_64_TO_32_BIT_CONVERSION = YES;
				GCC_WARN_ABOUT_RETURN_TYPE = YES_ERROR;
				GCC_WARN_UNDECLARED_SELECTOR = YES;
				GCC_WARN_UNINITIALIZED_AUTOS = YES_AGGRESSIVE;
				GCC_WARN_UNUSED_FUNCTION = YES;
				GCC_WARN_UNUSED_VARIABLE = YES;
				IPHONEOS_DEPLOYMENT_TARGET = 17.0;
				MARKETING_VERSION = 1.0.0;
				MTL_ENABLE_DEBUG_INFO = NO;
				MTL_FAST_MATH = YES;
				PRODUCT_NAME = "$(TARGET_NAME)";
				SDKROOT = iphoneos;
				SWIFT_COMPILATION_MODE = wholemodule;
				SWIFT_OPTIMIZATION_LEVEL = "-O";
				SWIFT_VERSION = 5.9;
			};
			name = Release;
		};
		3976690C277AEB238509C560 /* Debug */ = {
			isa = XCBuildConfiguration;
			buildSettings = {
				ALWAYS_SEARCH_USER_PATHS = NO;
				CLANG_ANALYZER_NONNULL = YES;
				CLANG_ANALYZER_NUMBER_OBJECT_CONVERSION = YES_AGGRESSIVE;
				CLANG_CXX_LANGUAGE_STANDARD = "gnu++14";
				CLANG_CXX_LIBRARY = "libc++";
				CLANG_ENABLE_MODULES = YES;
				CLANG_ENABLE_OBJC_ARC = YES;
				CLANG_ENABLE_OBJC_WEAK = YES;
				CLANG_WARN_BLOCK_CAPTURE_AUTORELEASING = YES;
				CLANG_WARN_BOOL_CONVERSION = YES;
				CLANG_WARN_COMMA = YES;
				CLANG_WARN_CONSTANT_CONVERSION = YES;
				CLANG_WARN_DEPRECATED_OBJC_IMPLEMENTATIONS = YES;
				CLANG_WARN_DIRECT_OBJC_ISA_USAGE = YES_ERROR;
				CLANG_WARN_DOCUMENTATION_COMMENTS = YES;
				CLANG_WARN_EMPTY_BODY = YES;
				CLANG_WARN_ENUM_CONVERSION = YES;
				CLANG_WARN_INFINITE_RECURSION = YES;
				CLANG_WARN_INT_CONVERSION = YES;
				CLANG_WARN_NON_LITERAL_NULL_CONVERSION = YES;
				CLANG_WARN_OBJC_IMPLICIT_RETAIN_SELF = YES;
				CLANG_WARN_OBJC_LITERAL_CONVERSION = YES;
				CLANG_WARN_OBJC_ROOT_CLASS = YES_ERROR;
				CLANG_WARN_QUOTED_INCLUDE_IN_FRAMEWORK_HEADER = YES;
				CLANG_WARN_RANGE_LOOP_ANALYSIS = YES;
				CLANG_WARN_STRICT_PROTOTYPES = YES;
				CLANG_WARN_SUSPICIOUS_MOVE = YES;
				CLANG_WARN_UNGUARDED_AVAILABILITY = YES_AGGRESSIVE;
				CLANG_WARN_UNREACHABLE_CODE = YES;
				CLANG_WARN__DUPLICATE_METHOD_MATCH = YES;
				COPY_PHASE_STRIP = NO;
				CURRENT_PROJECT_VERSION = 1;
				DEBUG_INFORMATION_FORMAT = dwarf;
				ENABLE_STRICT_OBJC_MSGSEND = YES;
				ENABLE_TESTABILITY = YES;
				GCC_C_LANGUAGE_STANDARD = gnu11;
				GCC_DYNAMIC_NO_PIC = NO;
				GCC_NO_COMMON_BLOCKS = YES;
				GCC_OPTIMIZATION_LEVEL = 0;
				GCC_PREPROCESSOR_DEFINITIONS = (
					"$(inherited)",
					"DEBUG=1",
				);
				GCC_WARN_64_TO_32_BIT_CONVERSION = YES;
				GCC_WARN_ABOUT_RETURN_TYPE = YES_ERROR;
				GCC_WARN_UNDECLARED_SELECTOR = YES;
				GCC_WARN_UNINITIALIZED_AUTOS = YES_AGGRESSIVE;
				GCC_WARN_UNUSED_FUNCTION = YES;
				GCC_WARN_UNUSED_VARIABLE = YES;
				IPHONEOS_DEPLOYMENT_TARGET = 17.0;
				MARKETING_VERSION = 1.0.0;
				MTL_ENABLE_DEBUG_INFO = INCLUDE_SOURCE;
				MTL_FAST_MATH = YES;
				ONLY_ACTIVE_ARCH = YES;
				PRODUCT_NAME = "$(TARGET_NAME)";
				SDKROOT = iphoneos;
				SWIFT_ACTIVE_COMPILATION_CONDITIONS = DEBUG;
				SWIFT_OPTIMIZATION_LEVEL = "-Onone";
				SWIFT_VERSION = 5.9;
			};
			name = Debug;
		};
		443D75B57E1534F9ED92FFA7 /* Debug */ = {
			isa = XCBuildConfiguration;
			buildSettings = {
				BUNDLE_LOADER = "$(TEST_HOST)";
				GENERATE_INFOPLIST_FILE = YES;
				LD_RUNPATH_SEARCH_PATHS = (
					"$(inherited)",
					"@executable_path/Frameworks",
					"@loader_path/Frameworks",
				);
				PRODUCT_BUNDLE_IDENTIFIER = app.earnandlearn.ios.uitests;
				SDKROOT = iphoneos;
				TARGETED_DEVICE_FAMILY = "1,2";
				TEST_TARGET_NAME = AllowanceTracker;
			};
			name = Debug;
		};
		6518AAA08DA5348DF9CE9030 /* Debug */ = {
			isa = XCBuildConfiguration;
			buildSettings = {
				BUNDLE_LOADER = "$(TEST_HOST)";
				GENERATE_INFOPLIST_FILE = YES;
				LD_RUNPATH_SEARCH_PATHS = (
					"$(inherited)",
					"@executable_path/Frameworks",
					"@loader_path/Frameworks",
				);
				PRODUCT_BUNDLE_IDENTIFIER = app.earnandlearn.ios.tests;
				SDKROOT = iphoneos;
				TARGETED_DEVICE_FAMILY = "1,2";
				TEST_HOST = "$(BUILT_PRODUCTS_DIR)/AllowanceTracker.app/$(BUNDLE_EXECUTABLE_FOLDER_PATH)/AllowanceTracker";
			};
			name = Debug;
		};
		6F678FA13A58A7A675A1A138 /* Release */ = {
			isa = XCBuildConfiguration;
			buildSettings = {
				BUNDLE_LOADER = "$(TEST_HOST)";
				GENERATE_INFOPLIST_FILE = YES;
				LD_RUNPATH_SEARCH_PATHS = (
					"$(inherited)",
					"@executable_path/Frameworks",
					"@loader_path/Frameworks",
				);
				PRODUCT_BUNDLE_IDENTIFIER = app.earnandlearn.ios.tests;
				SDKROOT = iphoneos;
				TARGETED_DEVICE_FAMILY = "1,2";
				TEST_HOST = "$(BUILT_PRODUCTS_DIR)/AllowanceTracker.app/$(BUNDLE_EXECUTABLE_FOLDER_PATH)/AllowanceTracker";
			};
			name = Release;
		};
		9EE8DBE52617421BCD70BA85 /* Debug */ = {
			isa = XCBuildConfiguration;
			buildSettings = {
				ASSETCATALOG_COMPILER_APPICON_NAME = AppIcon;
				CODE_SIGN_ENTITLEMENTS = App/AllowanceTracker.entitlements;
				CODE_SIGN_IDENTITY = "iPhone Developer";
				CODE_SIGN_STYLE = Automatic;
				DEVELOPMENT_TEAM = 5L2J3MYB5N;
				ENABLE_TESTABILITY = YES;
				INFOPLIST_FILE = App/Info.plist;
				LD_RUNPATH_SEARCH_PATHS = (
					"$(inherited)",
					"@executable_path/Frameworks",
				);
				PRODUCT_BUNDLE_IDENTIFIER = app.earnandlearn.ios;
				SDKROOT = iphoneos;
				SWIFT_OPTIMIZATION_LEVEL = "-Onone";
				TARGETED_DEVICE_FAMILY = "1,2";
			};
			name = Debug;
		};
		A4277ABE88FCB5F0FBE76B5B /* Release */ = {
			isa = XCBuildConfiguration;
			buildSettings = {
				ASSETCATALOG_COMPILER_APPICON_NAME = AppIcon;
				CODE_SIGN_ENTITLEMENTS = App/AllowanceTracker.entitlements;
				CODE_SIGN_IDENTITY = "iPhone Developer";
				CODE_SIGN_STYLE = Automatic;
				DEVELOPMENT_TEAM = 5L2J3MYB5N;
				ENABLE_TESTABILITY = YES;
				INFOPLIST_FILE = App/Info.plist;
				LD_RUNPATH_SEARCH_PATHS = (
					"$(inherited)",
					"@executable_path/Frameworks",
				);
				PRODUCT_BUNDLE_IDENTIFIER = app.earnandlearn.ios;
				SDKROOT = iphoneos;
				SWIFT_OPTIMIZATION_LEVEL = "-Onone";
				TARGETED_DEVICE_FAMILY = "1,2";
			};
			name = Release;
		};
/* End XCBuildConfiguration section */

/* Begin XCConfigurationList section */
		07353028D795980EC62E4BB3 /* Build configuration list for PBXNativeTarget "AllowanceTrackerUITests" */ = {
			isa = XCConfigurationList;
			buildConfigurations = (
				443D75B57E1534F9ED92FFA7 /* Debug */,
				1126237C13DB553D5CFDE9D6 /* Release */,
			);
			defaultConfigurationIsVisible = 0;
			defaultConfigurationName = Debug;
		};
		0998E3415B8EE2DBF357957B /* Build configuration list for PBXNativeTarget "AllowanceTrackerTests" */ = {
			isa = XCConfigurationList;
			buildConfigurations = (
				6518AAA08DA5348DF9CE9030 /* Debug */,
				6F678FA13A58A7A675A1A138 /* Release */,
			);
			defaultConfigurationIsVisible = 0;
			defaultConfigurationName = Debug;
		};
		C9628781DD0CBD770246A884 /* Build configuration list for PBXProject "AllowanceTracker" */ = {
			isa = XCConfigurationList;
			buildConfigurations = (
				3976690C277AEB238509C560 /* Debug */,
				29013C533A75D8E13010D441 /* Release */,
			);
			defaultConfigurationIsVisible = 0;
			defaultConfigurationName = Debug;
		};
		FF1C700CF4F5FA54C3415001 /* Build configuration list for PBXNativeTarget "AllowanceTracker" */ = {
			isa = XCConfigurationList;
			buildConfigurations = (
				9EE8DBE52617421BCD70BA85 /* Debug */,
				A4277ABE88FCB5F0FBE76B5B /* Release */,
			);
			defaultConfigurationIsVisible = 0;
			defaultConfigurationName = Debug;
		};
/* End XCConfigurationList section */
	};
	rootObject = 2E7EB112302D59F79192DAB0 /* Project object */;
}
